{
  "name": "@code.gov/converter",
  "version": "0.0.0",
  "lockfileVersion": 1,
  "requires": true,
  "dependencies": {
    "yaml": {
      "version": "1.0.2",
      "resolved": "https://registry.npmjs.org/yaml/-/yaml-1.0.2.tgz",
      "integrity": "sha512-vPmXtExk6AV7F5l2N5jW4LhbhZZPPN+xOK8x/+EgSXsXoawuo19Iqa+9nYMwrltsi6nl0rMKiROA/SAfG2OgUw=="
    }
  }
}
